
Microsoft Visual Studio Solution File, Format Version 12.00
Project("{FAE04EC0-301F-11D3-BF4B-00C04F79EFBC}") = "MononokeEngine", "MononokeEngine\MononokeEngine.csproj", "{419D62D0-9FF6-4C89-8E2E-BAFD0781FBB1}"
EndProject
Project("{FAE04EC0-301F-11D3-BF4B-00C04F79EFBC}") = "Sandbox", "Sandbox\Sandbox.csproj", "{45E9C426-1F5C-46EE-ABF8-86DF53C00549}"
EndProject
Project("{FAE04EC0-301F-11D3-BF4B-00C04F79EFBC}") = "MononokeEngine.Tests", "MononokeEngine.Tests\MononokeEngine.Tests.csproj", "{D2B0D061-202D-496F-A85F-DBF8B89468D1}"
EndProject
Project("{2150E333-8FDC-42A3-9474-1A3956D46DE8}") = "Tools", "Tools", "{05FDCEEC-96DC-4972-901A-EE943EFDA5E1}"
EndProject
Project("{FAE04EC0-301F-11D3-BF4B-00C04F79EFBC}") = "MononokeEngine.Logging.ConsoleLogger", "MononokeEngine.Logging.ConsoleLogger\MononokeEngine.Logging.ConsoleLogger.csproj", "{0C0849E5-8E0D-46B6-96C1-12F54A254592}"
EndProject
Global
	GlobalSection(SolutionConfigurationPlatforms) = preSolution
		Release|x86 = Release|x86
		Debug|x86 = Debug|x86
	EndGlobalSection
	GlobalSection(ProjectConfigurationPlatforms) = postSolution
		{419D62D0-9FF6-4C89-8E2E-BAFD0781FBB1}.Release|x86.ActiveCfg = Release|x86
		{419D62D0-9FF6-4C89-8E2E-BAFD0781FBB1}.Release|x86.Build.0 = Release|x86
		{419D62D0-9FF6-4C89-8E2E-BAFD0781FBB1}.Debug|x86.ActiveCfg = Debug|x86
		{419D62D0-9FF6-4C89-8E2E-BAFD0781FBB1}.Debug|x86.Build.0 = Debug|x86
		{45E9C426-1F5C-46EE-ABF8-86DF53C00549}.Release|x86.ActiveCfg = Release|x86
		{45E9C426-1F5C-46EE-ABF8-86DF53C00549}.Release|x86.Build.0 = Release|x86
		{45E9C426-1F5C-46EE-ABF8-86DF53C00549}.Debug|x86.ActiveCfg = Debug|x86
		{45E9C426-1F5C-46EE-ABF8-86DF53C00549}.Debug|x86.Build.0 = Debug|x86
		{D2B0D061-202D-496F-A85F-DBF8B89468D1}.Debug|x86.ActiveCfg = Debug|x86
		{D2B0D061-202D-496F-A85F-DBF8B89468D1}.Debug|x86.Build.0 = Debug|x86
		{D2B0D061-202D-496F-A85F-DBF8B89468D1}.Release|x86.ActiveCfg = Release|x86
		{D2B0D061-202D-496F-A85F-DBF8B89468D1}.Release|x86.Build.0 = Release|x86
		{0C0849E5-8E0D-46B6-96C1-12F54A254592}.Debug|x86.ActiveCfg = Debug|x86
		{0C0849E5-8E0D-46B6-96C1-12F54A254592}.Debug|x86.Build.0 = Debug|x86
		{0C0849E5-8E0D-46B6-96C1-12F54A254592}.Release|x86.ActiveCfg = Release|x86
		{0C0849E5-8E0D-46B6-96C1-12F54A254592}.Release|x86.Build.0 = Release|x86
	EndGlobalSection
	GlobalSection(NestedProjects) = preSolution
		{0C0849E5-8E0D-46B6-96C1-12F54A254592} = {05FDCEEC-96DC-4972-901A-EE943EFDA5E1}
	EndGlobalSection
EndGlobal
